
Microsoft Visual Studio Solution File, Format Version 12.00
# Visual Studio Version 17
VisualStudioVersion = 17.14.36310.24 d17.14
MinimumVisualStudioVersion = 10.0.40219.1
Project("{FAE04EC0-301F-11D3-BF4B-00C04F79EFBC}") = "ConsoleApp2", "ConsoleApp2.csproj", "{5D6EE726-B780-4158-8BA5-A1B517DD7966}"
EndProject
Global
	GlobalSection(SolutionConfigurationPlatforms) = preSolution
		Debug|Any CPU = Debug|Any CPU
		Release|Any CPU = Release|Any CPU
	EndGlobalSection
	GlobalSection(ProjectConfigurationPlatforms) = postSolution
		{5D6EE726-B780-4158-8BA5-A1B517DD7966}.Debug|Any CPU.ActiveCfg = Debug|Any CPU
		{5D6EE726-B780-4158-8BA5-A1B517DD7966}.Debug|Any CPU.Build.0 = Debug|Any CPU
		{5D6EE726-B780-4158-8BA5-A1B517DD7966}.Release|Any CPU.ActiveCfg = Release|Any CPU
		{5D6EE726-B780-4158-8BA5-A1B517DD7966}.Release|Any CPU.Build.0 = Release|Any CPU
	EndGlobalSection
	GlobalSection(SolutionProperties) = preSolution
		HideSolutionNode = FALSE
	EndGlobalSection
	GlobalSection(ExtensibilityGlobals) = postSolution
		SolutionGuid = {ACFFB5F5-3F70-433D-B153-E54F803AC1F4}
	EndGlobalSection
EndGlobal
