
Microsoft Visual Studio Solution File, Format Version 12.00
# Visual Studio Version 17
VisualStudioVersion = 17.14.36310.24 d17.14
MinimumVisualStudioVersion = 10.0.40219.1
Project("{FAE04EC0-301F-11D3-BF4B-00C04F79EFBC}") = "Atividadematrizes", "Atividadematrizes.csproj", "{5705CACC-6796-4C49-81D8-9B170A43238E}"
EndProject
Global
	GlobalSection(SolutionConfigurationPlatforms) = preSolution
		Debug|Any CPU = Debug|Any CPU
		Release|Any CPU = Release|Any CPU
	EndGlobalSection
	GlobalSection(ProjectConfigurationPlatforms) = postSolution
		{5705CACC-6796-4C49-81D8-9B170A43238E}.Debug|Any CPU.ActiveCfg = Debug|Any CPU
		{5705CACC-6796-4C49-81D8-9B170A43238E}.Debug|Any CPU.Build.0 = Debug|Any CPU
		{5705CACC-6796-4C49-81D8-9B170A43238E}.Release|Any CPU.ActiveCfg = Release|Any CPU
		{5705CACC-6796-4C49-81D8-9B170A43238E}.Release|Any CPU.Build.0 = Release|Any CPU
	EndGlobalSection
	GlobalSection(SolutionProperties) = preSolution
		HideSolutionNode = FALSE
	EndGlobalSection
	GlobalSection(ExtensibilityGlobals) = postSolution
		SolutionGuid = {98461773-A9F4-4FF7-9C4C-80A065A630F8}
	EndGlobalSection
EndGlobal
