
Microsoft Visual Studio Solution File, Format Version 12.00
# Visual Studio Version 17
VisualStudioVersion = 17.14.36310.24 d17.14
MinimumVisualStudioVersion = 10.0.40219.1
Project("{FAE04EC0-301F-11D3-BF4B-00C04F79EFBC}") = "exibirnome", "exibirnome.csproj", "{23182FB3-C270-468C-9561-C58628967622}"
EndProject
Global
	GlobalSection(SolutionConfigurationPlatforms) = preSolution
		Debug|Any CPU = Debug|Any CPU
		Release|Any CPU = Release|Any CPU
	EndGlobalSection
	GlobalSection(ProjectConfigurationPlatforms) = postSolution
		{23182FB3-C270-468C-9561-C58628967622}.Debug|Any CPU.ActiveCfg = Debug|Any CPU
		{23182FB3-C270-468C-9561-C58628967622}.Debug|Any CPU.Build.0 = Debug|Any CPU
		{23182FB3-C270-468C-9561-C58628967622}.Release|Any CPU.ActiveCfg = Release|Any CPU
		{23182FB3-C270-468C-9561-C58628967622}.Release|Any CPU.Build.0 = Release|Any CPU
	EndGlobalSection
	GlobalSection(SolutionProperties) = preSolution
		HideSolutionNode = FALSE
	EndGlobalSection
	GlobalSection(ExtensibilityGlobals) = postSolution
		SolutionGuid = {3AEFAD5B-65A0-4D11-BE55-CCB222879982}
	EndGlobalSection
EndGlobal
