
Microsoft Visual Studio Solution File, Format Version 12.00
# Visual Studio Version 17
VisualStudioVersion = 17.14.36310.24 d17.14
MinimumVisualStudioVersion = 10.0.40219.1
Project("{FAE04EC0-301F-11D3-BF4B-00C04F79EFBC}") = "Matrix2", "Matrix2.csproj", "{0BE78A1F-8C71-4C00-973C-6D3F1034A23D}"
EndProject
Global
	GlobalSection(SolutionConfigurationPlatforms) = preSolution
		Debug|Any CPU = Debug|Any CPU
		Release|Any CPU = Release|Any CPU
	EndGlobalSection
	GlobalSection(ProjectConfigurationPlatforms) = postSolution
		{0BE78A1F-8C71-4C00-973C-6D3F1034A23D}.Debug|Any CPU.ActiveCfg = Debug|Any CPU
		{0BE78A1F-8C71-4C00-973C-6D3F1034A23D}.Debug|Any CPU.Build.0 = Debug|Any CPU
		{0BE78A1F-8C71-4C00-973C-6D3F1034A23D}.Release|Any CPU.ActiveCfg = Release|Any CPU
		{0BE78A1F-8C71-4C00-973C-6D3F1034A23D}.Release|Any CPU.Build.0 = Release|Any CPU
	EndGlobalSection
	GlobalSection(SolutionProperties) = preSolution
		HideSolutionNode = FALSE
	EndGlobalSection
	GlobalSection(ExtensibilityGlobals) = postSolution
		SolutionGuid = {1A0773E2-1BB4-4402-A951-6AC4491BA6BC}
	EndGlobalSection
EndGlobal
